%{
  "gen_stage": {:hex, :gen_stage, "1.3.2", "7c77e5d1e97de2c6c2f78f306f463bca64bf2f4c3cdd606affc0100b89743b7b", [:mix], [], "hexpm", "0ffae547fa777b3ed889a6b9e1e64566217413d018cabd825f786e843ffe63e7"},
  "orchid": {:hex, :orchid, "0.3.2", "cdfc405b7370fc39c0496ac969beeefe41b3263808231d97a871a66193f9c7a4", [:mix], [{:telemetry, "~> 1.3", [hex: :telemetry, repo: "hexpm", optional: false]}], "hexpm", "22ca69ee7f1c064a17d33ebeff5afe8c59ec90ec7d25bee409e5096853205661"},
  "telemetry": {:hex, :telemetry, "1.3.0", "fedebbae410d715cf8e7062c96a1ef32ec22e764197f70cda73d82778d61e7a2", [:rebar3], [], "hexpm", "7015fc8919dbe63764f4b4b87a95b7c0996bd539e0d499be6ec9d7f3875b79e6"},
}
